
Microsoft Visual Studio Solution File, Format Version 12.00
# Visual Studio Version 18
VisualStudioVersion = 18.3.11520.95 d18.3
MinimumVisualStudioVersion = 10.0.40219.1
Project("{FAE04EC0-301F-11D3-BF4B-00C04F79EFBC}") = "ReleaseCalendar", "ReleaseCalendar.csproj", "{1E8F750C-085A-8C5A-E1D0-7D3E93871350}"
EndProject
Global
	GlobalSection(SolutionConfigurationPlatforms) = preSolution
		Debug|Any CPU = Debug|Any CPU
		Release|Any CPU = Release|Any CPU
	EndGlobalSection
	GlobalSection(ProjectConfigurationPlatforms) = postSolution
		{1E8F750C-085A-8C5A-E1D0-7D3E93871350}.Debug|Any CPU.ActiveCfg = Debug|Any CPU
		{1E8F750C-085A-8C5A-E1D0-7D3E93871350}.Debug|Any CPU.Build.0 = Debug|Any CPU
		{1E8F750C-085A-8C5A-E1D0-7D3E93871350}.Release|Any CPU.ActiveCfg = Release|Any CPU
		{1E8F750C-085A-8C5A-E1D0-7D3E93871350}.Release|Any CPU.Build.0 = Release|Any CPU
	EndGlobalSection
	GlobalSection(SolutionProperties) = preSolution
		HideSolutionNode = FALSE
	EndGlobalSection
	GlobalSection(ExtensibilityGlobals) = postSolution
		SolutionGuid = {2873EA8E-CF07-44F0-8603-8862646263AE}
	EndGlobalSection
EndGlobal
